
Microsoft Visual Studio Solution File, Format Version 12.00
# Visual Studio Version 17
VisualStudioVersion = 17.1.32210.238
MinimumVisualStudioVersion = 10.0.40219.1
Project("{FAE04EC0-301F-11D3-BF4B-00C04F79EFBC}") = "Zadatak_01_Tria_ideja2", "Zadatak_01_Tria_ideja2\Zadatak_01_Tria_ideja2.csproj", "{FF1D2C04-8971-4FC3-ABDD-BF427CD8D039}"
EndProject
Global
	GlobalSection(SolutionConfigurationPlatforms) = preSolution
		Debug|Any CPU = Debug|Any CPU
		Release|Any CPU = Release|Any CPU
	EndGlobalSection
	GlobalSection(ProjectConfigurationPlatforms) = postSolution
		{FF1D2C04-8971-4FC3-ABDD-BF427CD8D039}.Debug|Any CPU.ActiveCfg = Debug|Any CPU
		{FF1D2C04-8971-4FC3-ABDD-BF427CD8D039}.Debug|Any CPU.Build.0 = Debug|Any CPU
		{FF1D2C04-8971-4FC3-ABDD-BF427CD8D039}.Release|Any CPU.ActiveCfg = Release|Any CPU
		{FF1D2C04-8971-4FC3-ABDD-BF427CD8D039}.Release|Any CPU.Build.0 = Release|Any CPU
	EndGlobalSection
	GlobalSection(SolutionProperties) = preSolution
		HideSolutionNode = FALSE
	EndGlobalSection
	GlobalSection(ExtensibilityGlobals) = postSolution
		SolutionGuid = {1C2C4D7C-ACF7-4B8C-9084-8D9E3C0603E1}
	EndGlobalSection
EndGlobal
